
Microsoft Visual Studio Solution File, Format Version 12.00
# Visual Studio Version 17
VisualStudioVersion = 17.3.32929.385
MinimumVisualStudioVersion = 10.0.40219.1
Project("{8BC9CEB8-8B4A-11D0-8D11-00A0C91BC942}") = "receiver_with_link_quality", "receiver_with_link_quality.vcxproj", "{16C19586-30ED-45E5-B20B-0D3089BC4D23}"
EndProject
Global
	GlobalSection(SolutionConfigurationPlatforms) = preSolution
		Debug|ARM = Debug|ARM
		Debug|ARM64 = Debug|ARM64
		Debug|x64 = Debug|x64
		Debug|x86 = Debug|x86
		Release|ARM = Release|ARM
		Release|ARM64 = Release|ARM64
		Release|x64 = Release|x64
		Release|x86 = Release|x86
	EndGlobalSection
	GlobalSection(ProjectConfigurationPlatforms) = postSolution
		{16C19586-30ED-45E5-B20B-0D3089BC4D23}.Debug|ARM.ActiveCfg = Debug|ARM
		{16C19586-30ED-45E5-B20B-0D3089BC4D23}.Debug|ARM.Build.0 = Debug|ARM
		{16C19586-30ED-45E5-B20B-0D3089BC4D23}.Debug|ARM.Deploy.0 = Debug|ARM
		{16C19586-30ED-45E5-B20B-0D3089BC4D23}.Debug|ARM64.ActiveCfg = Debug|ARM64
		{16C19586-30ED-45E5-B20B-0D3089BC4D23}.Debug|ARM64.Build.0 = Debug|ARM64
		{16C19586-30ED-45E5-B20B-0D3089BC4D23}.Debug|ARM64.Deploy.0 = Debug|ARM64
		{16C19586-30ED-45E5-B20B-0D3089BC4D23}.Debug|x64.ActiveCfg = Debug|x64
		{16C19586-30ED-45E5-B20B-0D3089BC4D23}.Debug|x64.Build.0 = Debug|x64
		{16C19586-30ED-45E5-B20B-0D3089BC4D23}.Debug|x64.Deploy.0 = Debug|x64
		{16C19586-30ED-45E5-B20B-0D3089BC4D23}.Debug|x86.ActiveCfg = Debug|x86
		{16C19586-30ED-45E5-B20B-0D3089BC4D23}.Debug|x86.Build.0 = Debug|x86
		{16C19586-30ED-45E5-B20B-0D3089BC4D23}.Debug|x86.Deploy.0 = Debug|x86
		{16C19586-30ED-45E5-B20B-0D3089BC4D23}.Release|ARM.ActiveCfg = Release|ARM
		{16C19586-30ED-45E5-B20B-0D3089BC4D23}.Release|ARM.Build.0 = Release|ARM
		{16C19586-30ED-45E5-B20B-0D3089BC4D23}.Release|ARM.Deploy.0 = Release|ARM
		{16C19586-30ED-45E5-B20B-0D3089BC4D23}.Release|ARM64.ActiveCfg = Release|ARM64
		{16C19586-30ED-45E5-B20B-0D3089BC4D23}.Release|ARM64.Build.0 = Release|ARM64
		{16C19586-30ED-45E5-B20B-0D3089BC4D23}.Release|ARM64.Deploy.0 = Release|ARM64
		{16C19586-30ED-45E5-B20B-0D3089BC4D23}.Release|x64.ActiveCfg = Release|x64
		{16C19586-30ED-45E5-B20B-0D3089BC4D23}.Release|x64.Build.0 = Release|x64
		{16C19586-30ED-45E5-B20B-0D3089BC4D23}.Release|x64.Deploy.0 = Release|x64
		{16C19586-30ED-45E5-B20B-0D3089BC4D23}.Release|x86.ActiveCfg = Release|x86
		{16C19586-30ED-45E5-B20B-0D3089BC4D23}.Release|x86.Build.0 = Release|x86
		{16C19586-30ED-45E5-B20B-0D3089BC4D23}.Release|x86.Deploy.0 = Release|x86
	EndGlobalSection
	GlobalSection(SolutionProperties) = preSolution
		HideSolutionNode = FALSE
	EndGlobalSection
	GlobalSection(ExtensibilityGlobals) = postSolution
		SolutionGuid = {6B7C6CBA-2B41-4724-AF10-B7D8B9C4B208}
	EndGlobalSection
EndGlobal
